
Microsoft Visual Studio Solution File, Format Version 12.00
# Visual Studio Version 17
VisualStudioVersion = 17.0.31903.59
MinimumVisualStudioVersion = 10.0.40219.1
Project("{FAE04EC0-301F-11D3-BF4B-00C04F79EFBC}") = "ContractCompatibility", "ContractCompatibility\ContractCompatibility.csproj", "{9E5A959C-A552-482A-8678-0E97F045EEBE}"
EndProject
Project("{FAE04EC0-301F-11D3-BF4B-00C04F79EFBC}") = "ContractCompatibility.Tests", "ContractCompatibility.Tests\ContractCompatibility.Tests.csproj", "{1A91C511-CF9E-46BD-AE54-63BEC832CF1F}"
EndProject
Global
	GlobalSection(SolutionConfigurationPlatforms) = preSolution
		Debug|Any CPU = Debug|Any CPU
		Release|Any CPU = Release|Any CPU
	EndGlobalSection
	GlobalSection(SolutionProperties) = preSolution
		HideSolutionNode = FALSE
	EndGlobalSection
	GlobalSection(ProjectConfigurationPlatforms) = postSolution
		{9E5A959C-A552-482A-8678-0E97F045EEBE}.Debug|Any CPU.ActiveCfg = Debug|Any CPU
		{9E5A959C-A552-482A-8678-0E97F045EEBE}.Debug|Any CPU.Build.0 = Debug|Any CPU
		{9E5A959C-A552-482A-8678-0E97F045EEBE}.Release|Any CPU.ActiveCfg = Release|Any CPU
		{9E5A959C-A552-482A-8678-0E97F045EEBE}.Release|Any CPU.Build.0 = Release|Any CPU
		{1A91C511-CF9E-46BD-AE54-63BEC832CF1F}.Debug|Any CPU.ActiveCfg = Debug|Any CPU
		{1A91C511-CF9E-46BD-AE54-63BEC832CF1F}.Debug|Any CPU.Build.0 = Debug|Any CPU
		{1A91C511-CF9E-46BD-AE54-63BEC832CF1F}.Release|Any CPU.ActiveCfg = Release|Any CPU
		{1A91C511-CF9E-46BD-AE54-63BEC832CF1F}.Release|Any CPU.Build.0 = Release|Any CPU
	EndGlobalSection
EndGlobal
